
Microsoft Visual Studio Solution File, Format Version 12.00
# Visual Studio Version 16
VisualStudioVersion = 16.0.29424.173
MinimumVisualStudioVersion = 10.0.40219.1
Project("{9A19103F-16F7-4668-BE54-9A1E7A4F7556}") = "AnyJob.Package.Core", "src\AnyJob.Package.Core\AnyJob.Package.Core.csproj", "{C0BE0F27-91A9-4DCD-95DB-D5D0F0145FDB}"
EndProject
Project("{9A19103F-16F7-4668-BE54-9A1E7A4F7556}") = "AnyJob.Package.App", "src\AnyJob.Package.App\AnyJob.Package.App.csproj", "{2265AA09-4E65-4122-888B-5DF0D5E62ECA}"
EndProject
Project("{9A19103F-16F7-4668-BE54-9A1E7A4F7556}") = "AnyJob.Package.Impl.FileSystem", "src\AnyJob.Package.Impl.FileSystem\AnyJob.Package.Impl.FileSystem.csproj", "{080B31FC-2C3C-42E1-B630-A82AF7D87DEE}"
EndProject
Project("{9A19103F-16F7-4668-BE54-9A1E7A4F7556}") = "AnyJob.Package.Rest.Api", "src\AnyJob.Package.Rest.Api\AnyJob.Package.Rest.Api.csproj", "{A0466B1A-4AB3-4155-9E98-8E19703B5F01}"
EndProject
Global
	GlobalSection(SolutionConfigurationPlatforms) = preSolution
		Debug|Any CPU = Debug|Any CPU
		Release|Any CPU = Release|Any CPU
	EndGlobalSection
	GlobalSection(ProjectConfigurationPlatforms) = postSolution
		{C0BE0F27-91A9-4DCD-95DB-D5D0F0145FDB}.Debug|Any CPU.ActiveCfg = Debug|Any CPU
		{C0BE0F27-91A9-4DCD-95DB-D5D0F0145FDB}.Debug|Any CPU.Build.0 = Debug|Any CPU
		{C0BE0F27-91A9-4DCD-95DB-D5D0F0145FDB}.Release|Any CPU.ActiveCfg = Release|Any CPU
		{C0BE0F27-91A9-4DCD-95DB-D5D0F0145FDB}.Release|Any CPU.Build.0 = Release|Any CPU
		{2265AA09-4E65-4122-888B-5DF0D5E62ECA}.Debug|Any CPU.ActiveCfg = Debug|Any CPU
		{2265AA09-4E65-4122-888B-5DF0D5E62ECA}.Debug|Any CPU.Build.0 = Debug|Any CPU
		{2265AA09-4E65-4122-888B-5DF0D5E62ECA}.Release|Any CPU.ActiveCfg = Release|Any CPU
		{2265AA09-4E65-4122-888B-5DF0D5E62ECA}.Release|Any CPU.Build.0 = Release|Any CPU
		{080B31FC-2C3C-42E1-B630-A82AF7D87DEE}.Debug|Any CPU.ActiveCfg = Debug|Any CPU
		{080B31FC-2C3C-42E1-B630-A82AF7D87DEE}.Debug|Any CPU.Build.0 = Debug|Any CPU
		{080B31FC-2C3C-42E1-B630-A82AF7D87DEE}.Release|Any CPU.ActiveCfg = Release|Any CPU
		{080B31FC-2C3C-42E1-B630-A82AF7D87DEE}.Release|Any CPU.Build.0 = Release|Any CPU
		{A0466B1A-4AB3-4155-9E98-8E19703B5F01}.Debug|Any CPU.ActiveCfg = Debug|Any CPU
		{A0466B1A-4AB3-4155-9E98-8E19703B5F01}.Debug|Any CPU.Build.0 = Debug|Any CPU
		{A0466B1A-4AB3-4155-9E98-8E19703B5F01}.Release|Any CPU.ActiveCfg = Release|Any CPU
		{A0466B1A-4AB3-4155-9E98-8E19703B5F01}.Release|Any CPU.Build.0 = Release|Any CPU
	EndGlobalSection
	GlobalSection(SolutionProperties) = preSolution
		HideSolutionNode = FALSE
	EndGlobalSection
	GlobalSection(ExtensibilityGlobals) = postSolution
		SolutionGuid = {DB11BB21-3F5D-42D6-8737-F19C0666F1F8}
	EndGlobalSection
EndGlobal
